
Microsoft Visual Studio Solution File, Format Version 12.00
# Visual Studio 2012
Project("{FAE04EC0-301F-11D3-BF4B-00C04F79EFBC}") = "EventBus", "EventBus\EventBus.csproj", "{8D42E8A5-9858-4FB3-87A5-A878019E5EFF}"
EndProject
Project("{2150E333-8FDC-42A3-9474-1A3956D46DE8}") = ".nuget", ".nuget", "{04C2AF5D-EA56-410C-8AF4-5815CD2276C6}"
	ProjectSection(SolutionItems) = preProject
		.nuget\NuGet.Config = .nuget\NuGet.Config
		.nuget\NuGet.exe = .nuget\NuGet.exe
		.nuget\NuGet.targets = .nuget\NuGet.targets
	EndProjectSection
EndProject
Project("{FAE04EC0-301F-11D3-BF4B-00C04F79EFBC}") = "EventBus.Test", "EvenBus.Test\EventBus.Test.csproj", "{D6F25CB1-6D98-4B74-BE61-FFFCA8CE883A}"
EndProject
Project("{FAE04EC0-301F-11D3-BF4B-00C04F79EFBC}") = "EventBus.MessageQueue", "EventBus.MessageQueue\EventBus.MessageQueue.csproj", "{B1DA8997-9669-4E13-BF07-7A0E1C1860C6}"
EndProject
Project("{FAE04EC0-301F-11D3-BF4B-00C04F79EFBC}") = "EventBus.RabbitMQ", "EventBus.RabbitMQ\EventBus.RabbitMQ.csproj", "{31098C38-9A85-4209-A28E-CFE85765F23F}"
EndProject
Project("{FAE04EC0-301F-11D3-BF4B-00C04F79EFBC}") = "ConsoleRabbitMQ", "ConsoleRabbitMQ\ConsoleRabbitMQ.csproj", "{617AC9C1-BB79-4623-8ADD-93E3A2C977B3}"
EndProject
Project("{FAE04EC0-301F-11D3-BF4B-00C04F79EFBC}") = "ConsoleMemoryHost", "ConsoleMemoryHost\ConsoleMemoryHost.csproj", "{C8B76DF1-D462-47D8-AEB9-34738ADF0D2A}"
EndProject
Project("{FAE04EC0-301F-11D3-BF4B-00C04F79EFBC}") = "EventBus.Redis", "EventBus.Redis\EventBus.Redis.csproj", "{057F8771-E215-4587-BF18-193EFC52857F}"
EndProject
Global
	GlobalSection(SolutionConfigurationPlatforms) = preSolution
		Debug|Any CPU = Debug|Any CPU
		Release|Any CPU = Release|Any CPU
	EndGlobalSection
	GlobalSection(ProjectConfigurationPlatforms) = postSolution
		{8D42E8A5-9858-4FB3-87A5-A878019E5EFF}.Debug|Any CPU.ActiveCfg = Debug|Any CPU
		{8D42E8A5-9858-4FB3-87A5-A878019E5EFF}.Debug|Any CPU.Build.0 = Debug|Any CPU
		{8D42E8A5-9858-4FB3-87A5-A878019E5EFF}.Release|Any CPU.ActiveCfg = Release|Any CPU
		{8D42E8A5-9858-4FB3-87A5-A878019E5EFF}.Release|Any CPU.Build.0 = Release|Any CPU
		{D6F25CB1-6D98-4B74-BE61-FFFCA8CE883A}.Debug|Any CPU.ActiveCfg = Debug|Any CPU
		{D6F25CB1-6D98-4B74-BE61-FFFCA8CE883A}.Debug|Any CPU.Build.0 = Debug|Any CPU
		{D6F25CB1-6D98-4B74-BE61-FFFCA8CE883A}.Release|Any CPU.ActiveCfg = Release|Any CPU
		{D6F25CB1-6D98-4B74-BE61-FFFCA8CE883A}.Release|Any CPU.Build.0 = Release|Any CPU
		{B1DA8997-9669-4E13-BF07-7A0E1C1860C6}.Debug|Any CPU.ActiveCfg = Debug|Any CPU
		{B1DA8997-9669-4E13-BF07-7A0E1C1860C6}.Debug|Any CPU.Build.0 = Debug|Any CPU
		{B1DA8997-9669-4E13-BF07-7A0E1C1860C6}.Release|Any CPU.ActiveCfg = Release|Any CPU
		{B1DA8997-9669-4E13-BF07-7A0E1C1860C6}.Release|Any CPU.Build.0 = Release|Any CPU
		{31098C38-9A85-4209-A28E-CFE85765F23F}.Debug|Any CPU.ActiveCfg = Debug|Any CPU
		{31098C38-9A85-4209-A28E-CFE85765F23F}.Debug|Any CPU.Build.0 = Debug|Any CPU
		{31098C38-9A85-4209-A28E-CFE85765F23F}.Release|Any CPU.ActiveCfg = Release|Any CPU
		{31098C38-9A85-4209-A28E-CFE85765F23F}.Release|Any CPU.Build.0 = Release|Any CPU
		{617AC9C1-BB79-4623-8ADD-93E3A2C977B3}.Debug|Any CPU.ActiveCfg = Debug|Any CPU
		{617AC9C1-BB79-4623-8ADD-93E3A2C977B3}.Debug|Any CPU.Build.0 = Debug|Any CPU
		{617AC9C1-BB79-4623-8ADD-93E3A2C977B3}.Release|Any CPU.ActiveCfg = Release|Any CPU
		{617AC9C1-BB79-4623-8ADD-93E3A2C977B3}.Release|Any CPU.Build.0 = Release|Any CPU
		{C8B76DF1-D462-47D8-AEB9-34738ADF0D2A}.Debug|Any CPU.ActiveCfg = Debug|Any CPU
		{C8B76DF1-D462-47D8-AEB9-34738ADF0D2A}.Debug|Any CPU.Build.0 = Debug|Any CPU
		{C8B76DF1-D462-47D8-AEB9-34738ADF0D2A}.Release|Any CPU.ActiveCfg = Release|Any CPU
		{C8B76DF1-D462-47D8-AEB9-34738ADF0D2A}.Release|Any CPU.Build.0 = Release|Any CPU
		{057F8771-E215-4587-BF18-193EFC52857F}.Debug|Any CPU.ActiveCfg = Debug|Any CPU
		{057F8771-E215-4587-BF18-193EFC52857F}.Debug|Any CPU.Build.0 = Debug|Any CPU
		{057F8771-E215-4587-BF18-193EFC52857F}.Release|Any CPU.ActiveCfg = Release|Any CPU
		{057F8771-E215-4587-BF18-193EFC52857F}.Release|Any CPU.Build.0 = Release|Any CPU
	EndGlobalSection
	GlobalSection(SolutionProperties) = preSolution
		HideSolutionNode = FALSE
	EndGlobalSection
	GlobalSection(ExtensibilityGlobals) = postSolution
		EnterpriseLibraryConfigurationToolBinariesPath = packages\Unity.2.1.505.2\lib\NET35
	EndGlobalSection
EndGlobal
